
Microsoft Visual Studio Solution File, Format Version 10.00
# Visual C# Express 2008
Project("{FAE04EC0-301F-11D3-BF4B-00C04F79EFBC}") = "HlslDom", "HlslDom\HlslDom.csproj", "{3F8E935A-6A95-4438-8F15-ED4D7F0FBD38}"
EndProject
Global
	GlobalSection(SolutionConfigurationPlatforms) = preSolution
		Debug|Any CPU = Debug|Any CPU
		Release|Any CPU = Release|Any CPU
	EndGlobalSection
	GlobalSection(ProjectConfigurationPlatforms) = postSolution
		{3F8E935A-6A95-4438-8F15-ED4D7F0FBD38}.Debug|Any CPU.ActiveCfg = Debug|Any CPU
		{3F8E935A-6A95-4438-8F15-ED4D7F0FBD38}.Debug|Any CPU.Build.0 = Debug|Any CPU
		{3F8E935A-6A95-4438-8F15-ED4D7F0FBD38}.Release|Any CPU.ActiveCfg = Release|Any CPU
		{3F8E935A-6A95-4438-8F15-ED4D7F0FBD38}.Release|Any CPU.Build.0 = Release|Any CPU
	EndGlobalSection
	GlobalSection(SolutionProperties) = preSolution
		HideSolutionNode = FALSE
	EndGlobalSection
EndGlobal
